
Microsoft Visual Studio Solution File, Format Version 12.00
# Visual Studio 15
VisualStudioVersion = 15.0.28307.779
MinimumVisualStudioVersion = 10.0.40219.1
Project("{FAE04EC0-301F-11D3-BF4B-00C04F79EFBC}") = "Exam", "Exam\Exam.csproj", "{E9B62088-5B4E-47A4-A9BE-8A7AD0888C15}"
EndProject
Project("{FAE04EC0-301F-11D3-BF4B-00C04F79EFBC}") = "DAL", "DAL\DAL.csproj", "{E0CDFBF0-5BE2-45DB-BE22-A942EF5091B7}"
EndProject
Project("{FAE04EC0-301F-11D3-BF4B-00C04F79EFBC}") = "BLL", "BLL\BLL.csproj", "{873D821F-A8EE-40D2-9C0E-A4B656995BAC}"
EndProject
Global
	GlobalSection(SolutionConfigurationPlatforms) = preSolution
		Debug|Any CPU = Debug|Any CPU
		Release|Any CPU = Release|Any CPU
	EndGlobalSection
	GlobalSection(ProjectConfigurationPlatforms) = postSolution
		{E9B62088-5B4E-47A4-A9BE-8A7AD0888C15}.Debug|Any CPU.ActiveCfg = Debug|Any CPU
		{E9B62088-5B4E-47A4-A9BE-8A7AD0888C15}.Debug|Any CPU.Build.0 = Debug|Any CPU
		{E9B62088-5B4E-47A4-A9BE-8A7AD0888C15}.Release|Any CPU.ActiveCfg = Release|Any CPU
		{E9B62088-5B4E-47A4-A9BE-8A7AD0888C15}.Release|Any CPU.Build.0 = Release|Any CPU
		{E0CDFBF0-5BE2-45DB-BE22-A942EF5091B7}.Debug|Any CPU.ActiveCfg = Debug|Any CPU
		{E0CDFBF0-5BE2-45DB-BE22-A942EF5091B7}.Debug|Any CPU.Build.0 = Debug|Any CPU
		{E0CDFBF0-5BE2-45DB-BE22-A942EF5091B7}.Release|Any CPU.ActiveCfg = Release|Any CPU
		{E0CDFBF0-5BE2-45DB-BE22-A942EF5091B7}.Release|Any CPU.Build.0 = Release|Any CPU
		{873D821F-A8EE-40D2-9C0E-A4B656995BAC}.Debug|Any CPU.ActiveCfg = Debug|Any CPU
		{873D821F-A8EE-40D2-9C0E-A4B656995BAC}.Debug|Any CPU.Build.0 = Debug|Any CPU
		{873D821F-A8EE-40D2-9C0E-A4B656995BAC}.Release|Any CPU.ActiveCfg = Release|Any CPU
		{873D821F-A8EE-40D2-9C0E-A4B656995BAC}.Release|Any CPU.Build.0 = Release|Any CPU
	EndGlobalSection
	GlobalSection(SolutionProperties) = preSolution
		HideSolutionNode = FALSE
	EndGlobalSection
	GlobalSection(ExtensibilityGlobals) = postSolution
		SolutionGuid = {9A9D7697-CBBC-488B-848B-26D9ABAB2D75}
	EndGlobalSection
EndGlobal
